// !$*UTF8*$!
{
	archiveVersion = 1;
	classes = {
	};
	objectVersion = 55;
	objects = {

/* Begin PBXBuildFile section */
		946D62AE28D632F1005588B3 /* Swift_AlgorithmApp.swift in Sources */ = {isa = PBXBuildFile; fileRef = 946D62AD28D632F1005588B3 /* Swift_AlgorithmApp.swift */; };
		946D62B028D632F1005588B3 /* ContentView.swift in Sources */ = {isa = PBXBuildFile; fileRef = 946D62AF28D632F1005588B3 /* ContentView.swift */; };
		946D62B228D632F2005588B3 /* Assets.xcassets in Resources */ = {isa = PBXBuildFile; fileRef = 946D62B128D632F2005588B3 /* Assets.xcassets */; };
		946D62B528D632F2005588B3 /* Preview Assets.xcassets in Resources */ = {isa = PBXBuildFile; fileRef = 946D62B428D632F2005588B3 /* Preview Assets.xcassets */; };
		946D62BF28D632F2005588B3 /* Swift_AlgorithmTests.swift in Sources */ = {isa = PBXBuildFile; fileRef = 946D62BE28D632F2005588B3 /* Swift_AlgorithmTests.swift */; };
		946D62C928D632F2005588B3 /* Swift_AlgorithmUITests.swift in Sources */ = {isa = PBXBuildFile; fileRef = 946D62C828D632F2005588B3 /* Swift_AlgorithmUITests.swift */; };
		946D62CB28D632F2005588B3 /* Swift_AlgorithmUITestsLaunchTests.swift in Sources */ = {isa = PBXBuildFile; fileRef = 946D62CA28D632F2005588B3 /* Swift_AlgorithmUITestsLaunchTests.swift */; };
		946D62D928D63333005588B3 /* 1번.swift in Sources */ = {isa = PBXBuildFile; fileRef = 946D62D828D63333005588B3 /* 1번.swift */; };
		946D62DB28D634C9005588B3 /* 2번.swift in Sources */ = {isa = PBXBuildFile; fileRef = 946D62DA28D634C9005588B3 /* 2번.swift */; };
		946D62DD28D63546005588B3 /* 3번.swift in Sources */ = {isa = PBXBuildFile; fileRef = 946D62DC28D63546005588B3 /* 3번.swift */; };
		946D62DF28D63607005588B3 /* 4번.swift in Sources */ = {isa = PBXBuildFile; fileRef = 946D62DE28D63607005588B3 /* 4번.swift */; };
		946D62E128D63771005588B3 /* 5번.swift in Sources */ = {isa = PBXBuildFile; fileRef = 946D62E028D63771005588B3 /* 5번.swift */; };
/* End PBXBuildFile section */

/* Begin PBXContainerItemProxy section */
		946D62BB28D632F2005588B3 /* PBXContainerItemProxy */ = {
			isa = PBXContainerItemProxy;
			containerPortal = 946D62A228D632F1005588B3 /* Project object */;
			proxyType = 1;
			remoteGlobalIDString = 946D62A928D632F1005588B3;
			remoteInfo = "Swift Algorithm";
		};
		946D62C528D632F2005588B3 /* PBXContainerItemProxy */ = {
			isa = PBXContainerItemProxy;
			containerPortal = 946D62A228D632F1005588B3 /* Project object */;
			proxyType = 1;
			remoteGlobalIDString = 946D62A928D632F1005588B3;
			remoteInfo = "Swift Algorithm";
		};
/* End PBXContainerItemProxy section */

/* Begin PBXFileReference section */
		946D62AA28D632F1005588B3 /* Swift Algorithm.app */ = {isa = PBXFileReference; explicitFileType = wrapper.application; includeInIndex = 0; path = "Swift Algorithm.app"; sourceTree = BUILT_PRODUCTS_DIR; };
		946D62AD28D632F1005588B3 /* Swift_AlgorithmApp.swift */ = {isa = PBXFileReference; lastKnownFileType = sourcecode.swift; path = Swift_AlgorithmApp.swift; sourceTree = "<group>"; };
		946D62AF28D632F1005588B3 /* ContentView.swift */ = {isa = PBXFileReference; lastKnownFileType = sourcecode.swift; path = ContentView.swift; sourceTree = "<group>"; };
		946D62B128D632F2005588B3 /* Assets.xcassets */ = {isa = PBXFileReference; lastKnownFileType = folder.assetcatalog; path = Assets.xcassets; sourceTree = "<group>"; };
		946D62B428D632F2005588B3 /* Preview Assets.xcassets */ = {isa = PBXFileReference; lastKnownFileType = folder.assetcatalog; path = "Preview Assets.xcassets"; sourceTree = "<group>"; };
		946D62BA28D632F2005588B3 /* Swift AlgorithmTests.xctest */ = {isa = PBXFileReference; explicitFileType = wrapper.cfbundle; includeInIndex = 0; path = "Swift AlgorithmTests.xctest"; sourceTree = BUILT_PRODUCTS_DIR; };
		946D62BE28D632F2005588B3 /* Swift_AlgorithmTests.swift */ = {isa = PBXFileReference; lastKnownFileType = sourcecode.swift; path = Swift_AlgorithmTests.swift; sourceTree = "<group>"; };
		946D62C428D632F2005588B3 /* Swift AlgorithmUITests.xctest */ = {isa = PBXFileReference; explicitFileType = wrapper.cfbundle; includeInIndex = 0; path = "Swift AlgorithmUITests.xctest"; sourceTree = BUILT_PRODUCTS_DIR; };
		946D62C828D632F2005588B3 /* Swift_AlgorithmUITests.swift */ = {isa = PBXFileReference; lastKnownFileType = sourcecode.swift; path = Swift_AlgorithmUITests.swift; sourceTree = "<group>"; };
		946D62CA28D632F2005588B3 /* Swift_AlgorithmUITestsLaunchTests.swift */ = {isa = PBXFileReference; lastKnownFileType = sourcecode.swift; path = Swift_AlgorithmUITestsLaunchTests.swift; sourceTree = "<group>"; };
		946D62D828D63333005588B3 /* 1번.swift */ = {isa = PBXFileReference; lastKnownFileType = sourcecode.swift; path = "1번.swift"; sourceTree = "<group>"; };
		946D62DA28D634C9005588B3 /* 2번.swift */ = {isa = PBXFileReference; lastKnownFileType = sourcecode.swift; path = "2번.swift"; sourceTree = "<group>"; };
		946D62DC28D63546005588B3 /* 3번.swift */ = {isa = PBXFileReference; lastKnownFileType = sourcecode.swift; path = "3번.swift"; sourceTree = "<group>"; };
		946D62DE28D63607005588B3 /* 4번.swift */ = {isa = PBXFileReference; lastKnownFileType = sourcecode.swift; path = "4번.swift"; sourceTree = "<group>"; };
		946D62E028D63771005588B3 /* 5번.swift */ = {isa = PBXFileReference; lastKnownFileType = sourcecode.swift; path = "5번.swift"; sourceTree = "<group>"; };
/* End PBXFileReference section */

/* Begin PBXFrameworksBuildPhase section */
		946D62A728D632F1005588B3 /* Frameworks */ = {
			isa = PBXFrameworksBuildPhase;
			buildActionMask = 2147483647;
			files = (
			);
			runOnlyForDeploymentPostprocessing = 0;
		};
		946D62B728D632F2005588B3 /* Frameworks */ = {
			isa = PBXFrameworksBuildPhase;
			buildActionMask = 2147483647;
			files = (
			);
			runOnlyForDeploymentPostprocessing = 0;
		};
		946D62C128D632F2005588B3 /* Frameworks */ = {
			isa = PBXFrameworksBuildPhase;
			buildActionMask = 2147483647;
			files = (
			);
			runOnlyForDeploymentPostprocessing = 0;
		};
/* End PBXFrameworksBuildPhase section */

/* Begin PBXGroup section */
		946D62A128D632F1005588B3 = {
			isa = PBXGroup;
			children = (
				946D62D728D63327005588B3 /* 1주차 */,
				946D62AC28D632F1005588B3 /* Swift Algorithm */,
				946D62BD28D632F2005588B3 /* Swift AlgorithmTests */,
				946D62C728D632F2005588B3 /* Swift AlgorithmUITests */,
				946D62AB28D632F1005588B3 /* Products */,
			);
			sourceTree = "<group>";
		};
		946D62AB28D632F1005588B3 /* Products */ = {
			isa = PBXGroup;
			children = (
				946D62AA28D632F1005588B3 /* Swift Algorithm.app */,
				946D62BA28D632F2005588B3 /* Swift AlgorithmTests.xctest */,
				946D62C428D632F2005588B3 /* Swift AlgorithmUITests.xctest */,
			);
			name = Products;
			sourceTree = "<group>";
		};
		946D62AC28D632F1005588B3 /* Swift Algorithm */ = {
			isa = PBXGroup;
			children = (
				946D62AD28D632F1005588B3 /* Swift_AlgorithmApp.swift */,
				946D62AF28D632F1005588B3 /* ContentView.swift */,
				946D62B128D632F2005588B3 /* Assets.xcassets */,
				946D62B328D632F2005588B3 /* Preview Content */,
			);
			path = "Swift Algorithm";
			sourceTree = "<group>";
		};
		946D62B328D632F2005588B3 /* Preview Content */ = {
			isa = PBXGroup;
			children = (
				946D62B428D632F2005588B3 /* Preview Assets.xcassets */,
			);
			path = "Preview Content";
			sourceTree = "<group>";
		};
		946D62BD28D632F2005588B3 /* Swift AlgorithmTests */ = {
			isa = PBXGroup;
			children = (
				946D62BE28D632F2005588B3 /* Swift_AlgorithmTests.swift */,
			);
			path = "Swift AlgorithmTests";
			sourceTree = "<group>";
		};
		946D62C728D632F2005588B3 /* Swift AlgorithmUITests */ = {
			isa = PBXGroup;
			children = (
				946D62C828D632F2005588B3 /* Swift_AlgorithmUITests.swift */,
				946D62CA28D632F2005588B3 /* Swift_AlgorithmUITestsLaunchTests.swift */,
			);
			path = "Swift AlgorithmUITests";
			sourceTree = "<group>";
		};
		946D62D728D63327005588B3 /* 1주차 */ = {
			isa = PBXGroup;
			children = (
				946D62D828D63333005588B3 /* 1번.swift */,
				946D62DA28D634C9005588B3 /* 2번.swift */,
				946D62DC28D63546005588B3 /* 3번.swift */,
				946D62DE28D63607005588B3 /* 4번.swift */,
				946D62E028D63771005588B3 /* 5번.swift */,
			);
			name = "1주차";
			path = "1주차";
			sourceTree = "<group>";
		};
/* End PBXGroup section */

/* Begin PBXNativeTarget section */
		946D62A928D632F1005588B3 /* Swift Algorithm */ = {
			isa = PBXNativeTarget;
			buildConfigurationList = 946D62CE28D632F2005588B3 /* Build configuration list for PBXNativeTarget "Swift Algorithm" */;
			buildPhases = (
				946D62A628D632F1005588B3 /* Sources */,
				946D62A728D632F1005588B3 /* Frameworks */,
				946D62A828D632F1005588B3 /* Resources */,
			);
			buildRules = (
			);
			dependencies = (
			);
			name = "Swift Algorithm";
			productName = "Swift Algorithm";
			productReference = 946D62AA28D632F1005588B3 /* Swift Algorithm.app */;
			productType = "com.apple.product-type.application";
		};
		946D62B928D632F2005588B3 /* Swift AlgorithmTests */ = {
			isa = PBXNativeTarget;
			buildConfigurationList = 946D62D128D632F2005588B3 /* Build configuration list for PBXNativeTarget "Swift AlgorithmTests" */;
			buildPhases = (
				946D62B628D632F2005588B3 /* Sources */,
				946D62B728D632F2005588B3 /* Frameworks */,
				946D62B828D632F2005588B3 /* Resources */,
			);
			buildRules = (
			);
			dependencies = (
				946D62BC28D632F2005588B3 /* PBXTargetDependency */,
			);
			name = "Swift AlgorithmTests";
			productName = "Swift AlgorithmTests";
			productReference = 946D62BA28D632F2005588B3 /* Swift AlgorithmTests.xctest */;
			productType = "com.apple.product-type.bundle.unit-test";
		};
		946D62C328D632F2005588B3 /* Swift AlgorithmUITests */ = {
			isa = PBXNativeTarget;
			buildConfigurationList = 946D62D428D632F2005588B3 /* Build configuration list for PBXNativeTarget "Swift AlgorithmUITests" */;
			buildPhases = (
				946D62C028D632F2005588B3 /* Sources */,
				946D62C128D632F2005588B3 /* Frameworks */,
				946D62C228D632F2005588B3 /* Resources */,
			);
			buildRules = (
			);
			dependencies = (
				946D62C628D632F2005588B3 /* PBXTargetDependency */,
			);
			name = "Swift AlgorithmUITests";
			productName = "Swift AlgorithmUITests";
			productReference = 946D62C428D632F2005588B3 /* Swift AlgorithmUITests.xctest */;
			productType = "com.apple.product-type.bundle.ui-testing";
		};
/* End PBXNativeTarget section */

/* Begin PBXProject section */
		946D62A228D632F1005588B3 /* Project object */ = {
			isa = PBXProject;
			attributes = {
				BuildIndependentTargetsInParallel = 1;
				LastSwiftUpdateCheck = 1340;
				LastUpgradeCheck = 1340;
				TargetAttributes = {
					946D62A928D632F1005588B3 = {
						CreatedOnToolsVersion = 13.4.1;
					};
					946D62B928D632F2005588B3 = {
						CreatedOnToolsVersion = 13.4.1;
						TestTargetID = 946D62A928D632F1005588B3;
					};
					946D62C328D632F2005588B3 = {
						CreatedOnToolsVersion = 13.4.1;
						TestTargetID = 946D62A928D632F1005588B3;
					};
				};
			};
			buildConfigurationList = 946D62A528D632F1005588B3 /* Build configuration list for PBXProject "Swift Algorithm" */;
			compatibilityVersion = "Xcode 13.0";
			developmentRegion = en;
			hasScannedForEncodings = 0;
			knownRegions = (
				en,
				Base,
			);
			mainGroup = 946D62A128D632F1005588B3;
			productRefGroup = 946D62AB28D632F1005588B3 /* Products */;
			projectDirPath = "";
			projectRoot = "";
			targets = (
				946D62A928D632F1005588B3 /* Swift Algorithm */,
				946D62B928D632F2005588B3 /* Swift AlgorithmTests */,
				946D62C328D632F2005588B3 /* Swift AlgorithmUITests */,
			);
		};
/* End PBXProject section */

/* Begin PBXResourcesBuildPhase section */
		946D62A828D632F1005588B3 /* Resources */ = {
			isa = PBXResourcesBuildPhase;
			buildActionMask = 2147483647;
			files = (
				946D62B528D632F2005588B3 /* Preview Assets.xcassets in Resources */,
				946D62B228D632F2005588B3 /* Assets.xcassets in Resources */,
			);
			runOnlyForDeploymentPostprocessing = 0;
		};
		946D62B828D632F2005588B3 /* Resources */ = {
			isa = PBXResourcesBuildPhase;
			buildActionMask = 2147483647;
			files = (
			);
			runOnlyForDeploymentPostprocessing = 0;
		};
		946D62C228D632F2005588B3 /* Resources */ = {
			isa = PBXResourcesBuildPhase;
			buildActionMask = 2147483647;
			files = (
			);
			runOnlyForDeploymentPostprocessing = 0;
		};
/* End PBXResourcesBuildPhase section */

/* Begin PBXSourcesBuildPhase section */
		946D62A628D632F1005588B3 /* Sources */ = {
			isa = PBXSourcesBuildPhase;
			buildActionMask = 2147483647;
			files = (
				946D62DF28D63607005588B3 /* 4번.swift in Sources */,
				946D62DD28D63546005588B3 /* 3번.swift in Sources */,
				946D62D928D63333005588B3 /* 1번.swift in Sources */,
				946D62B028D632F1005588B3 /* ContentView.swift in Sources */,
				946D62DB28D634C9005588B3 /* 2번.swift in Sources */,
				946D62AE28D632F1005588B3 /* Swift_AlgorithmApp.swift in Sources */,
				946D62E128D63771005588B3 /* 5번.swift in Sources */,
			);
			runOnlyForDeploymentPostprocessing = 0;
		};
		946D62B628D632F2005588B3 /* Sources */ = {
			isa = PBXSourcesBuildPhase;
			buildActionMask = 2147483647;
			files = (
				946D62BF28D632F2005588B3 /* Swift_AlgorithmTests.swift in Sources */,
			);
			runOnlyForDeploymentPostprocessing = 0;
		};
		946D62C028D632F2005588B3 /* Sources */ = {
			isa = PBXSourcesBuildPhase;
			buildActionMask = 2147483647;
			files = (
				946D62CB28D632F2005588B3 /* Swift_AlgorithmUITestsLaunchTests.swift in Sources */,
				946D62C928D632F2005588B3 /* Swift_AlgorithmUITests.swift in Sources */,
			);
			runOnlyForDeploymentPostprocessing = 0;
		};
/* End PBXSourcesBuildPhase section */

/* Begin PBXTargetDependency section */
		946D62BC28D632F2005588B3 /* PBXTargetDependency */ = {
			isa = PBXTargetDependency;
			target = 946D62A928D632F1005588B3 /* Swift Algorithm */;
			targetProxy = 946D62BB28D632F2005588B3 /* PBXContainerItemProxy */;
		};
		946D62C628D632F2005588B3 /* PBXTargetDependency */ = {
			isa = PBXTargetDependency;
			target = 946D62A928D632F1005588B3 /* Swift Algorithm */;
			targetProxy = 946D62C528D632F2005588B3 /* PBXContainerItemProxy */;
		};
/* End PBXTargetDependency section */

/* Begin XCBuildConfiguration section */
		946D62CC28D632F2005588B3 /* Debug */ = {
			isa = XCBuildConfiguration;
			buildSettings = {
				ALWAYS_SEARCH_USER_PATHS = NO;
				CLANG_ANALYZER_NONNULL = YES;
				CLANG_ANALYZER_NUMBER_OBJECT_CONVERSION = YES_AGGRESSIVE;
				CLANG_CXX_LANGUAGE_STANDARD = "gnu++17";
				CLANG_ENABLE_MODULES = YES;
				CLANG_ENABLE_OBJC_ARC = YES;
				CLANG_ENABLE_OBJC_WEAK = YES;
				CLANG_WARN_BLOCK_CAPTURE_AUTORELEASING = YES;
				CLANG_WARN_BOOL_CONVERSION = YES;
				CLANG_WARN_COMMA = YES;
				CLANG_WARN_CONSTANT_CONVERSION = YES;
				CLANG_WARN_DEPRECATED_OBJC_IMPLEMENTATIONS = YES;
				CLANG_WARN_DIRECT_OBJC_ISA_USAGE = YES_ERROR;
				CLANG_WARN_DOCUMENTATION_COMMENTS = YES;
				CLANG_WARN_EMPTY_BODY = YES;
				CLANG_WARN_ENUM_CONVERSION = YES;
				CLANG_WARN_INFINITE_RECURSION = YES;
				CLANG_WARN_INT_CONVERSION = YES;
				CLANG_WARN_NON_LITERAL_NULL_CONVERSION = YES;
				CLANG_WARN_OBJC_IMPLICIT_RETAIN_SELF = YES;
				CLANG_WARN_OBJC_LITERAL_CONVERSION = YES;
				CLANG_WARN_OBJC_ROOT_CLASS = YES_ERROR;
				CLANG_WARN_QUOTED_INCLUDE_IN_FRAMEWORK_HEADER = YES;
				CLANG_WARN_RANGE_LOOP_ANALYSIS = YES;
				CLANG_WARN_STRICT_PROTOTYPES = YES;
				CLANG_WARN_SUSPICIOUS_MOVE = YES;
				CLANG_WARN_UNGUARDED_AVAILABILITY = YES_AGGRESSIVE;
				CLANG_WARN_UNREACHABLE_CODE = YES;
				CLANG_WARN__DUPLICATE_METHOD_MATCH = YES;
				COPY_PHASE_STRIP = NO;
				DEBUG_INFORMATION_FORMAT = dwarf;
				ENABLE_STRICT_OBJC_MSGSEND = YES;
				ENABLE_TESTABILITY = YES;
				GCC_C_LANGUAGE_STANDARD = gnu11;
				GCC_DYNAMIC_NO_PIC = NO;
				GCC_NO_COMMON_BLOCKS = YES;
				GCC_OPTIMIZATION_LEVEL = 0;
				GCC_PREPROCESSOR_DEFINITIONS = (
					"DEBUG=1",
					"$(inherited)",
				);
				GCC_WARN_64_TO_32_BIT_CONVERSION = YES;
				GCC_WARN_ABOUT_RETURN_TYPE = YES_ERROR;
				GCC_WARN_UNDECLARED_SELECTOR = YES;
				GCC_WARN_UNINITIALIZED_AUTOS = YES_AGGRESSIVE;
				GCC_WARN_UNUSED_FUNCTION = YES;
				GCC_WARN_UNUSED_VARIABLE = YES;
				IPHONEOS_DEPLOYMENT_TARGET = 15.5;
				MTL_ENABLE_DEBUG_INFO = INCLUDE_SOURCE;
				MTL_FAST_MATH = YES;
				ONLY_ACTIVE_ARCH = YES;
				SDKROOT = iphoneos;
				SWIFT_ACTIVE_COMPILATION_CONDITIONS = DEBUG;
				SWIFT_OPTIMIZATION_LEVEL = "-Onone";
			};
			name = Debug;
		};
		946D62CD28D632F2005588B3 /* Release */ = {
			isa = XCBuildConfiguration;
			buildSettings = {
				ALWAYS_SEARCH_USER_PATHS = NO;
				CLANG_ANALYZER_NONNULL = YES;
				CLANG_ANALYZER_NUMBER_OBJECT_CONVERSION = YES_AGGRESSIVE;
				CLANG_CXX_LANGUAGE_STANDARD = "gnu++17";
				CLANG_ENABLE_MODULES = YES;
				CLANG_ENABLE_OBJC_ARC = YES;
				CLANG_ENABLE_OBJC_WEAK = YES;
				CLANG_WARN_BLOCK_CAPTURE_AUTORELEASING = YES;
				CLANG_WARN_BOOL_CONVERSION = YES;
				CLANG_WARN_COMMA = YES;
				CLANG_WARN_CONSTANT_CONVERSION = YES;
				CLANG_WARN_DEPRECATED_OBJC_IMPLEMENTATIONS = YES;
				CLANG_WARN_DIRECT_OBJC_ISA_USAGE = YES_ERROR;
				CLANG_WARN_DOCUMENTATION_COMMENTS = YES;
				CLANG_WARN_EMPTY_BODY = YES;
				CLANG_WARN_ENUM_CONVERSION = YES;
				CLANG_WARN_INFINITE_RECURSION = YES;
				CLANG_WARN_INT_CONVERSION = YES;
				CLANG_WARN_NON_LITERAL_NULL_CONVERSION = YES;
				CLANG_WARN_OBJC_IMPLICIT_RETAIN_SELF = YES;
				CLANG_WARN_OBJC_LITERAL_CONVERSION = YES;
				CLANG_WARN_OBJC_ROOT_CLASS = YES_ERROR;
				CLANG_WARN_QUOTED_INCLUDE_IN_FRAMEWORK_HEADER = YES;
				CLANG_WARN_RANGE_LOOP_ANALYSIS = YES;
				CLANG_WARN_STRICT_PROTOTYPES = YES;
				CLANG_WARN_SUSPICIOUS_MOVE = YES;
				CLANG_WARN_UNGUARDED_AVAILABILITY = YES_AGGRESSIVE;
				CLANG_WARN_UNREACHABLE_CODE = YES;
				CLANG_WARN__DUPLICATE_METHOD_MATCH = YES;
				COPY_PHASE_STRIP = NO;
				DEBUG_INFORMATION_FORMAT = "dwarf-with-dsym";
				ENABLE_NS_ASSERTIONS = NO;
				ENABLE_STRICT_OBJC_MSGSEND = YES;
				GCC_C_LANGUAGE_STANDARD = gnu11;
				GCC_NO_COMMON_BLOCKS = YES;
				GCC_WARN_64_TO_32_BIT_CONVERSION = YES;
				GCC_WARN_ABOUT_RETURN_TYPE = YES_ERROR;
				GCC_WARN_UNDECLARED_SELECTOR = YES;
				GCC_WARN_UNINITIALIZED_AUTOS = YES_AGGRESSIVE;
				GCC_WARN_UNUSED_FUNCTION = YES;
				GCC_WARN_UNUSED_VARIABLE = YES;
				IPHONEOS_DEPLOYMENT_TARGET = 15.5;
				MTL_ENABLE_DEBUG_INFO = NO;
				MTL_FAST_MATH = YES;
				SDKROOT = iphoneos;
				SWIFT_COMPILATION_MODE = wholemodule;
				SWIFT_OPTIMIZATION_LEVEL = "-O";
				VALIDATE_PRODUCT = YES;
			};
			name = Release;
		};
		946D62CF28D632F2005588B3 /* Debug */ = {
			isa = XCBuildConfiguration;
			buildSettings = {
				ASSETCATALOG_COMPILER_APPICON_NAME = AppIcon;
				ASSETCATALOG_COMPILER_GLOBAL_ACCENT_COLOR_NAME = AccentColor;
				CODE_SIGN_STYLE = Automatic;
				CURRENT_PROJECT_VERSION = 1;
				DEVELOPMENT_ASSET_PATHS = "\"Swift Algorithm/Preview Content\"";
				DEVELOPMENT_TEAM = 8RW838BTLH;
				ENABLE_PREVIEWS = YES;
				GENERATE_INFOPLIST_FILE = YES;
				INFOPLIST_KEY_UIApplicationSceneManifest_Generation = YES;
				INFOPLIST_KEY_UIApplicationSupportsIndirectInputEvents = YES;
				INFOPLIST_KEY_UILaunchScreen_Generation = YES;
				INFOPLIST_KEY_UISupportedInterfaceOrientations_iPad = "UIInterfaceOrientationPortrait UIInterfaceOrientationPortraitUpsideDown UIInterfaceOrientationLandscapeLeft UIInterfaceOrientationLandscapeRight";
				INFOPLIST_KEY_UISupportedInterfaceOrientations_iPhone = "UIInterfaceOrientationPortrait UIInterfaceOrientationLandscapeLeft UIInterfaceOrientationLandscapeRight";
				LD_RUNPATH_SEARCH_PATHS = (
					"$(inherited)",
					"@executable_path/Frameworks",
				);
				MARKETING_VERSION = 1.0;
				PRODUCT_BUNDLE_IDENTIFIER = "rs.Swift-Algorithm";
				PRODUCT_NAME = "$(TARGET_NAME)";
				SWIFT_EMIT_LOC_STRINGS = YES;
				SWIFT_VERSION = 5.0;
				TARGETED_DEVICE_FAMILY = "1,2";
			};
			name = Debug;
		};
		946D62D028D632F2005588B3 /* Release */ = {
			isa = XCBuildConfiguration;
			buildSettings = {
				ASSETCATALOG_COMPILER_APPICON_NAME = AppIcon;
				ASSETCATALOG_COMPILER_GLOBAL_ACCENT_COLOR_NAME = AccentColor;
				CODE_SIGN_STYLE = Automatic;
				CURRENT_PROJECT_VERSION = 1;
				DEVELOPMENT_ASSET_PATHS = "\"Swift Algorithm/Preview Content\"";
				DEVELOPMENT_TEAM = 8RW838BTLH;
				ENABLE_PREVIEWS = YES;
				GENERATE_INFOPLIST_FILE = YES;
				INFOPLIST_KEY_UIApplicationSceneManifest_Generation = YES;
				INFOPLIST_KEY_UIApplicationSupportsIndirectInputEvents = YES;
				INFOPLIST_KEY_UILaunchScreen_Generation = YES;
				INFOPLIST_KEY_UISupportedInterfaceOrientations_iPad = "UIInterfaceOrientationPortrait UIInterfaceOrientationPortraitUpsideDown UIInterfaceOrientationLandscapeLeft UIInterfaceOrientationLandscapeRight";
				INFOPLIST_KEY_UISupportedInterfaceOrientations_iPhone = "UIInterfaceOrientationPortrait UIInterfaceOrientationLandscapeLeft UIInterfaceOrientationLandscapeRight";
				LD_RUNPATH_SEARCH_PATHS = (
					"$(inherited)",
					"@executable_path/Frameworks",
				);
				MARKETING_VERSION = 1.0;
				PRODUCT_BUNDLE_IDENTIFIER = "rs.Swift-Algorithm";
				PRODUCT_NAME = "$(TARGET_NAME)";
				SWIFT_EMIT_LOC_STRINGS = YES;
				SWIFT_VERSION = 5.0;
				TARGETED_DEVICE_FAMILY = "1,2";
			};
			name = Release;
		};
		946D62D228D632F2005588B3 /* Debug */ = {
			isa = XCBuildConfiguration;
			buildSettings = {
				ALWAYS_EMBED_SWIFT_STANDARD_LIBRARIES = YES;
				BUNDLE_LOADER = "$(TEST_HOST)";
				CODE_SIGN_STYLE = Automatic;
				CURRENT_PROJECT_VERSION = 1;
				DEVELOPMENT_TEAM = 8RW838BTLH;
				GENERATE_INFOPLIST_FILE = YES;
				IPHONEOS_DEPLOYMENT_TARGET = 15.5;
				MARKETING_VERSION = 1.0;
				PRODUCT_BUNDLE_IDENTIFIER = "rs.Swift-AlgorithmTests";
				PRODUCT_NAME = "$(TARGET_NAME)";
				SWIFT_EMIT_LOC_STRINGS = NO;
				SWIFT_VERSION = 5.0;
				TARGETED_DEVICE_FAMILY = "1,2";
				TEST_HOST = "$(BUILT_PRODUCTS_DIR)/Swift Algorithm.app/Swift Algorithm";
			};
			name = Debug;
		};
		946D62D328D632F2005588B3 /* Release */ = {
			isa = XCBuildConfiguration;
			buildSettings = {
				ALWAYS_EMBED_SWIFT_STANDARD_LIBRARIES = YES;
				BUNDLE_LOADER = "$(TEST_HOST)";
				CODE_SIGN_STYLE = Automatic;
				CURRENT_PROJECT_VERSION = 1;
				DEVELOPMENT_TEAM = 8RW838BTLH;
				GENERATE_INFOPLIST_FILE = YES;
				IPHONEOS_DEPLOYMENT_TARGET = 15.5;
				MARKETING_VERSION = 1.0;
				PRODUCT_BUNDLE_IDENTIFIER = "rs.Swift-AlgorithmTests";
				PRODUCT_NAME = "$(TARGET_NAME)";
				SWIFT_EMIT_LOC_STRINGS = NO;
				SWIFT_VERSION = 5.0;
				TARGETED_DEVICE_FAMILY = "1,2";
				TEST_HOST = "$(BUILT_PRODUCTS_DIR)/Swift Algorithm.app/Swift Algorithm";
			};
			name = Release;
		};
		946D62D528D632F2005588B3 /* Debug */ = {
			isa = XCBuildConfiguration;
			buildSettings = {
				ALWAYS_EMBED_SWIFT_STANDARD_LIBRARIES = YES;
				CODE_SIGN_STYLE = Automatic;
				CURRENT_PROJECT_VERSION = 1;
				DEVELOPMENT_TEAM = 8RW838BTLH;
				GENERATE_INFOPLIST_FILE = YES;
				MARKETING_VERSION = 1.0;
				PRODUCT_BUNDLE_IDENTIFIER = "rs.Swift-AlgorithmUITests";
				PRODUCT_NAME = "$(TARGET_NAME)";
				SWIFT_EMIT_LOC_STRINGS = NO;
				SWIFT_VERSION = 5.0;
				TARGETED_DEVICE_FAMILY = "1,2";
				TEST_TARGET_NAME = "Swift Algorithm";
			};
			name = Debug;
		};
		946D62D628D632F2005588B3 /* Release */ = {
			isa = XCBuildConfiguration;
			buildSettings = {
				ALWAYS_EMBED_SWIFT_STANDARD_LIBRARIES = YES;
				CODE_SIGN_STYLE = Automatic;
				CURRENT_PROJECT_VERSION = 1;
				DEVELOPMENT_TEAM = 8RW838BTLH;
				GENERATE_INFOPLIST_FILE = YES;
				MARKETING_VERSION = 1.0;
				PRODUCT_BUNDLE_IDENTIFIER = "rs.Swift-AlgorithmUITests";
				PRODUCT_NAME = "$(TARGET_NAME)";
				SWIFT_EMIT_LOC_STRINGS = NO;
				SWIFT_VERSION = 5.0;
				TARGETED_DEVICE_FAMILY = "1,2";
				TEST_TARGET_NAME = "Swift Algorithm";
			};
			name = Release;
		};
/* End XCBuildConfiguration section */

/* Begin XCConfigurationList section */
		946D62A528D632F1005588B3 /* Build configuration list for PBXProject "Swift Algorithm" */ = {
			isa = XCConfigurationList;
			buildConfigurations = (
				946D62CC28D632F2005588B3 /* Debug */,
				946D62CD28D632F2005588B3 /* Release */,
			);
			defaultConfigurationIsVisible = 0;
			defaultConfigurationName = Release;
		};
		946D62CE28D632F2005588B3 /* Build configuration list for PBXNativeTarget "Swift Algorithm" */ = {
			isa = XCConfigurationList;
			buildConfigurations = (
				946D62CF28D632F2005588B3 /* Debug */,
				946D62D028D632F2005588B3 /* Release */,
			);
			defaultConfigurationIsVisible = 0;
			defaultConfigurationName = Release;
		};
		946D62D128D632F2005588B3 /* Build configuration list for PBXNativeTarget "Swift AlgorithmTests" */ = {
			isa = XCConfigurationList;
			buildConfigurations = (
				946D62D228D632F2005588B3 /* Debug */,
				946D62D328D632F2005588B3 /* Release */,
			);
			defaultConfigurationIsVisible = 0;
			defaultConfigurationName = Release;
		};
		946D62D428D632F2005588B3 /* Build configuration list for PBXNativeTarget "Swift AlgorithmUITests" */ = {
			isa = XCConfigurationList;
			buildConfigurations = (
				946D62D528D632F2005588B3 /* Debug */,
				946D62D628D632F2005588B3 /* Release */,
			);
			defaultConfigurationIsVisible = 0;
			defaultConfigurationName = Release;
		};
/* End XCConfigurationList section */
	};
	rootObject = 946D62A228D632F1005588B3 /* Project object */;
}
